// !$*UTF8*$!
{
	archiveVersion = 1;
	classes = {
	};
	objectVersion = 46;
	objects = {

/* Begin PBXBuildFile section */
		0681AE3E1BC32F0000D4822D /* MazieSaverView.swift in Sources */ = {isa = PBXBuildFile; fileRef = 0681AE3D1BC32F0000D4822D /* MazieSaverView.swift */; };
		0681AE401BC32F2600D4822D /* CGRect+extension.swift in Sources */ = {isa = PBXBuildFile; fileRef = 0681AE3F1BC32F2600D4822D /* CGRect+extension.swift */; };
		0681AE431BC32F3700D4822D /* shuffle.swift in Sources */ = {isa = PBXBuildFile; fileRef = 0681AE411BC32F3700D4822D /* shuffle.swift */; };
		0681AE441BC32F3700D4822D /* random.swift in Sources */ = {isa = PBXBuildFile; fileRef = 0681AE421BC32F3700D4822D /* random.swift */; };
		0681AE461BC32FFC00D4822D /* Maze.swift in Sources */ = {isa = PBXBuildFile; fileRef = 0681AE451BC32FFC00D4822D /* Maze.swift */; };
		0681AE491BC3303A00D4822D /* BruteForceSolver.swift in Sources */ = {isa = PBXBuildFile; fileRef = 0681AE471BC3303A00D4822D /* BruteForceSolver.swift */; };
		0681AE4A1BC3303A00D4822D /* BoxesSolver.swift in Sources */ = {isa = PBXBuildFile; fileRef = 0681AE481BC3303A00D4822D /* BoxesSolver.swift */; };
		0681AE511BC3336B00D4822D /* TileSet.swift in Sources */ = {isa = PBXBuildFile; fileRef = 0681AE501BC3336B00D4822D /* TileSet.swift */; };
		0681AE531BC3339F00D4822D /* BasicTileRenderer.swift in Sources */ = {isa = PBXBuildFile; fileRef = 0681AE521BC3339F00D4822D /* BasicTileRenderer.swift */; };
		0681AE6D1BC3385C00D4822D /* AppDelegate.swift in Sources */ = {isa = PBXBuildFile; fileRef = 0681AE6C1BC3385C00D4822D /* AppDelegate.swift */; };
		0681AE6F1BC3385C00D4822D /* ViewController.swift in Sources */ = {isa = PBXBuildFile; fileRef = 0681AE6E1BC3385C00D4822D /* ViewController.swift */; };
		0681AE711BC3385C00D4822D /* Assets.xcassets in Resources */ = {isa = PBXBuildFile; fileRef = 0681AE701BC3385C00D4822D /* Assets.xcassets */; };
		0681AE741BC3385C00D4822D /* Main.storyboard in Resources */ = {isa = PBXBuildFile; fileRef = 0681AE721BC3385C00D4822D /* Main.storyboard */; };
		0681AE791BC3388D00D4822D /* MazieSaverView.swift in Sources */ = {isa = PBXBuildFile; fileRef = 0681AE3D1BC32F0000D4822D /* MazieSaverView.swift */; };
		0681AE7A1BC3388D00D4822D /* CGRect+extension.swift in Sources */ = {isa = PBXBuildFile; fileRef = 0681AE3F1BC32F2600D4822D /* CGRect+extension.swift */; };
		0681AE7B1BC3388D00D4822D /* shuffle.swift in Sources */ = {isa = PBXBuildFile; fileRef = 0681AE411BC32F3700D4822D /* shuffle.swift */; };
		0681AE7C1BC3388D00D4822D /* random.swift in Sources */ = {isa = PBXBuildFile; fileRef = 0681AE421BC32F3700D4822D /* random.swift */; };
		0681AE7D1BC3388D00D4822D /* Maze.swift in Sources */ = {isa = PBXBuildFile; fileRef = 0681AE451BC32FFC00D4822D /* Maze.swift */; };
		0681AE7E1BC3388D00D4822D /* BruteForceSolver.swift in Sources */ = {isa = PBXBuildFile; fileRef = 0681AE471BC3303A00D4822D /* BruteForceSolver.swift */; };
		0681AE7F1BC3388D00D4822D /* BoxesSolver.swift in Sources */ = {isa = PBXBuildFile; fileRef = 0681AE481BC3303A00D4822D /* BoxesSolver.swift */; };
		0681AE801BC3388D00D4822D /* TileSet.swift in Sources */ = {isa = PBXBuildFile; fileRef = 0681AE501BC3336B00D4822D /* TileSet.swift */; };
		0681AE811BC3388D00D4822D /* BasicTileRenderer.swift in Sources */ = {isa = PBXBuildFile; fileRef = 0681AE521BC3339F00D4822D /* BasicTileRenderer.swift */; };
/* End PBXBuildFile section */

/* Begin PBXFileReference section */
		0681AE301BC32ED600D4822D /* MazieSaver.saver */ = {isa = PBXFileReference; explicitFileType = wrapper.cfbundle; includeInIndex = 0; path = MazieSaver.saver; sourceTree = BUILT_PRODUCTS_DIR; };
		0681AE371BC32ED600D4822D /* Info.plist */ = {isa = PBXFileReference; lastKnownFileType = text.plist.xml; path = Info.plist; sourceTree = "<group>"; };
		0681AE3D1BC32F0000D4822D /* MazieSaverView.swift */ = {isa = PBXFileReference; fileEncoding = 4; lastKnownFileType = sourcecode.swift; path = MazieSaverView.swift; sourceTree = "<group>"; };
		0681AE3F1BC32F2600D4822D /* CGRect+extension.swift */ = {isa = PBXFileReference; fileEncoding = 4; lastKnownFileType = sourcecode.swift; path = "CGRect+extension.swift"; sourceTree = "<group>"; };
		0681AE411BC32F3700D4822D /* shuffle.swift */ = {isa = PBXFileReference; fileEncoding = 4; lastKnownFileType = sourcecode.swift; path = shuffle.swift; sourceTree = "<group>"; };
		0681AE421BC32F3700D4822D /* random.swift */ = {isa = PBXFileReference; fileEncoding = 4; lastKnownFileType = sourcecode.swift; path = random.swift; sourceTree = "<group>"; };
		0681AE451BC32FFC00D4822D /* Maze.swift */ = {isa = PBXFileReference; fileEncoding = 4; lastKnownFileType = sourcecode.swift; path = Maze.swift; sourceTree = "<group>"; };
		0681AE471BC3303A00D4822D /* BruteForceSolver.swift */ = {isa = PBXFileReference; fileEncoding = 4; lastKnownFileType = sourcecode.swift; path = BruteForceSolver.swift; sourceTree = "<group>"; };
		0681AE481BC3303A00D4822D /* BoxesSolver.swift */ = {isa = PBXFileReference; fileEncoding = 4; lastKnownFileType = sourcecode.swift; path = BoxesSolver.swift; sourceTree = "<group>"; };
		0681AE501BC3336B00D4822D /* TileSet.swift */ = {isa = PBXFileReference; fileEncoding = 4; lastKnownFileType = sourcecode.swift; path = TileSet.swift; sourceTree = "<group>"; };
		0681AE521BC3339F00D4822D /* BasicTileRenderer.swift */ = {isa = PBXFileReference; fileEncoding = 4; lastKnownFileType = sourcecode.swift; path = BasicTileRenderer.swift; sourceTree = "<group>"; };
		0681AE6A1BC3385C00D4822D /* MazieSaverTest.app */ = {isa = PBXFileReference; explicitFileType = wrapper.application; includeInIndex = 0; path = MazieSaverTest.app; sourceTree = BUILT_PRODUCTS_DIR; };
		0681AE6C1BC3385C00D4822D /* AppDelegate.swift */ = {isa = PBXFileReference; lastKnownFileType = sourcecode.swift; path = AppDelegate.swift; sourceTree = "<group>"; };
		0681AE6E1BC3385C00D4822D /* ViewController.swift */ = {isa = PBXFileReference; lastKnownFileType = sourcecode.swift; path = ViewController.swift; sourceTree = "<group>"; };
		0681AE701BC3385C00D4822D /* Assets.xcassets */ = {isa = PBXFileReference; lastKnownFileType = folder.assetcatalog; path = Assets.xcassets; sourceTree = "<group>"; };
		0681AE731BC3385C00D4822D /* Base */ = {isa = PBXFileReference; lastKnownFileType = file.storyboard; name = Base; path = Base.lproj/Main.storyboard; sourceTree = "<group>"; };
		0681AE751BC3385C00D4822D /* Info.plist */ = {isa = PBXFileReference; lastKnownFileType = text.plist.xml; path = Info.plist; sourceTree = "<group>"; };
/* End PBXFileReference section */

/* Begin PBXFrameworksBuildPhase section */
		0681AE2C1BC32ED600D4822D /* Frameworks */ = {
			isa = PBXFrameworksBuildPhase;
			buildActionMask = 2147483647;
			files = (
			);
			runOnlyForDeploymentPostprocessing = 0;
		};
		0681AE671BC3385C00D4822D /* Frameworks */ = {
			isa = PBXFrameworksBuildPhase;
			buildActionMask = 2147483647;
			files = (
			);
			runOnlyForDeploymentPostprocessing = 0;
		};
/* End PBXFrameworksBuildPhase section */

/* Begin PBXGroup section */
		0681AE261BC32ED600D4822D = {
			isa = PBXGroup;
			children = (
				0681AE4B1BC3305000D4822D /* Shared */,
				0681AE321BC32ED600D4822D /* MazieSaver */,
				0681AE6B1BC3385C00D4822D /* MazieSaverTest */,
				0681AE311BC32ED600D4822D /* Products */,
			);
			sourceTree = "<group>";
		};
		0681AE311BC32ED600D4822D /* Products */ = {
			isa = PBXGroup;
			children = (
				0681AE301BC32ED600D4822D /* MazieSaver.saver */,
				0681AE6A1BC3385C00D4822D /* MazieSaverTest.app */,
			);
			name = Products;
			sourceTree = "<group>";
		};
		0681AE321BC32ED600D4822D /* MazieSaver */ = {
			isa = PBXGroup;
			children = (
				0681AE371BC32ED600D4822D /* Info.plist */,
			);
			path = MazieSaver;
			sourceTree = "<group>";
		};
		0681AE4B1BC3305000D4822D /* Shared */ = {
			isa = PBXGroup;
			children = (
				0681AE3D1BC32F0000D4822D /* MazieSaverView.swift */,
				0681AE3F1BC32F2600D4822D /* CGRect+extension.swift */,
				0681AE411BC32F3700D4822D /* shuffle.swift */,
				0681AE421BC32F3700D4822D /* random.swift */,
				0681AE451BC32FFC00D4822D /* Maze.swift */,
				0681AE471BC3303A00D4822D /* BruteForceSolver.swift */,
				0681AE481BC3303A00D4822D /* BoxesSolver.swift */,
				0681AE501BC3336B00D4822D /* TileSet.swift */,
				0681AE521BC3339F00D4822D /* BasicTileRenderer.swift */,
			);
			name = Shared;
			sourceTree = "<group>";
		};
		0681AE6B1BC3385C00D4822D /* MazieSaverTest */ = {
			isa = PBXGroup;
			children = (
				0681AE6C1BC3385C00D4822D /* AppDelegate.swift */,
				0681AE6E1BC3385C00D4822D /* ViewController.swift */,
				0681AE701BC3385C00D4822D /* Assets.xcassets */,
				0681AE721BC3385C00D4822D /* Main.storyboard */,
				0681AE751BC3385C00D4822D /* Info.plist */,
			);
			path = MazieSaverTest;
			sourceTree = "<group>";
		};
/* End PBXGroup section */

/* Begin PBXHeadersBuildPhase section */
		0681AE2D1BC32ED600D4822D /* Headers */ = {
			isa = PBXHeadersBuildPhase;
			buildActionMask = 2147483647;
			files = (
			);
			runOnlyForDeploymentPostprocessing = 0;
		};
/* End PBXHeadersBuildPhase section */

/* Begin PBXNativeTarget section */
		0681AE2F1BC32ED600D4822D /* MazieSaver */ = {
			isa = PBXNativeTarget;
			buildConfigurationList = 0681AE3A1BC32ED600D4822D /* Build configuration list for PBXNativeTarget "MazieSaver" */;
			buildPhases = (
				0681AE2B1BC32ED600D4822D /* Sources */,
				0681AE2C1BC32ED600D4822D /* Frameworks */,
				0681AE2D1BC32ED600D4822D /* Headers */,
				0681AE2E1BC32ED600D4822D /* Resources */,
			);
			buildRules = (
			);
			dependencies = (
			);
			name = MazieSaver;
			productName = MazieSaver;
			productReference = 0681AE301BC32ED600D4822D /* MazieSaver.saver */;
			productType = "com.apple.product-type.bundle";
		};
		0681AE691BC3385C00D4822D /* MazieSaverTest */ = {
			isa = PBXNativeTarget;
			buildConfigurationList = 0681AE781BC3385C00D4822D /* Build configuration list for PBXNativeTarget "MazieSaverTest" */;
			buildPhases = (
				0681AE661BC3385C00D4822D /* Sources */,
				0681AE671BC3385C00D4822D /* Frameworks */,
				0681AE681BC3385C00D4822D /* Resources */,
			);
			buildRules = (
			);
			dependencies = (
			);
			name = MazieSaverTest;
			productName = MazieSaverTest;
			productReference = 0681AE6A1BC3385C00D4822D /* MazieSaverTest.app */;
			productType = "com.apple.product-type.application";
		};
/* End PBXNativeTarget section */

/* Begin PBXProject section */
		0681AE271BC32ED600D4822D /* Project object */ = {
			isa = PBXProject;
			attributes = {
				LastSwiftUpdateCheck = 0700;
				LastUpgradeCheck = 1010;
				ORGANIZATIONNAME = "Andy Buchanan";
				TargetAttributes = {
					0681AE2F1BC32ED600D4822D = {
						CreatedOnToolsVersion = 7.0.1;
					};
					0681AE691BC3385C00D4822D = {
						CreatedOnToolsVersion = 7.0.1;
						LastSwiftMigration = 1010;
					};
				};
			};
			buildConfigurationList = 0681AE2A1BC32ED600D4822D /* Build configuration list for PBXProject "MazieSaver" */;
			compatibilityVersion = "Xcode 3.2";
			developmentRegion = English;
			hasScannedForEncodings = 0;
			knownRegions = (
				en,
				Base,
			);
			mainGroup = 0681AE261BC32ED600D4822D;
			productRefGroup = 0681AE311BC32ED600D4822D /* Products */;
			projectDirPath = "";
			projectRoot = "";
			targets = (
				0681AE2F1BC32ED600D4822D /* MazieSaver */,
				0681AE691BC3385C00D4822D /* MazieSaverTest */,
			);
		};
/* End PBXProject section */

/* Begin PBXResourcesBuildPhase section */
		0681AE2E1BC32ED600D4822D /* Resources */ = {
			isa = PBXResourcesBuildPhase;
			buildActionMask = 2147483647;
			files = (
			);
			runOnlyForDeploymentPostprocessing = 0;
		};
		0681AE681BC3385C00D4822D /* Resources */ = {
			isa = PBXResourcesBuildPhase;
			buildActionMask = 2147483647;
			files = (
				0681AE711BC3385C00D4822D /* Assets.xcassets in Resources */,
				0681AE741BC3385C00D4822D /* Main.storyboard in Resources */,
			);
			runOnlyForDeploymentPostprocessing = 0;
		};
/* End PBXResourcesBuildPhase section */

/* Begin PBXSourcesBuildPhase section */
		0681AE2B1BC32ED600D4822D /* Sources */ = {
			isa = PBXSourcesBuildPhase;
			buildActionMask = 2147483647;
			files = (
				0681AE441BC32F3700D4822D /* random.swift in Sources */,
				0681AE3E1BC32F0000D4822D /* MazieSaverView.swift in Sources */,
				0681AE511BC3336B00D4822D /* TileSet.swift in Sources */,
				0681AE401BC32F2600D4822D /* CGRect+extension.swift in Sources */,
				0681AE531BC3339F00D4822D /* BasicTileRenderer.swift in Sources */,
				0681AE431BC32F3700D4822D /* shuffle.swift in Sources */,
				0681AE4A1BC3303A00D4822D /* BoxesSolver.swift in Sources */,
				0681AE461BC32FFC00D4822D /* Maze.swift in Sources */,
				0681AE491BC3303A00D4822D /* BruteForceSolver.swift in Sources */,
			);
			runOnlyForDeploymentPostprocessing = 0;
		};
		0681AE661BC3385C00D4822D /* Sources */ = {
			isa = PBXSourcesBuildPhase;
			buildActionMask = 2147483647;
			files = (
				0681AE7C1BC3388D00D4822D /* random.swift in Sources */,
				0681AE7F1BC3388D00D4822D /* BoxesSolver.swift in Sources */,
				0681AE811BC3388D00D4822D /* BasicTileRenderer.swift in Sources */,
				0681AE6F1BC3385C00D4822D /* ViewController.swift in Sources */,
				0681AE7B1BC3388D00D4822D /* shuffle.swift in Sources */,
				0681AE801BC3388D00D4822D /* TileSet.swift in Sources */,
				0681AE7A1BC3388D00D4822D /* CGRect+extension.swift in Sources */,
				0681AE6D1BC3385C00D4822D /* AppDelegate.swift in Sources */,
				0681AE7E1BC3388D00D4822D /* BruteForceSolver.swift in Sources */,
				0681AE791BC3388D00D4822D /* MazieSaverView.swift in Sources */,
				0681AE7D1BC3388D00D4822D /* Maze.swift in Sources */,
			);
			runOnlyForDeploymentPostprocessing = 0;
		};
/* End PBXSourcesBuildPhase section */

/* Begin PBXVariantGroup section */
		0681AE721BC3385C00D4822D /* Main.storyboard */ = {
			isa = PBXVariantGroup;
			children = (
				0681AE731BC3385C00D4822D /* Base */,
			);
			name = Main.storyboard;
			sourceTree = "<group>";
		};
/* End PBXVariantGroup section */

/* Begin XCBuildConfiguration section */
		0681AE381BC32ED600D4822D /* Debug */ = {
			isa = XCBuildConfiguration;
			buildSettings = {
				ALWAYS_SEARCH_USER_PATHS = NO;
				CLANG_CXX_LANGUAGE_STANDARD = "gnu++0x";
				CLANG_CXX_LIBRARY = "libc++";
				CLANG_ENABLE_MODULES = YES;
				CLANG_ENABLE_OBJC_ARC = YES;
				CLANG_WARN_BLOCK_CAPTURE_AUTORELEASING = YES;
				CLANG_WARN_BOOL_CONVERSION = YES;
				CLANG_WARN_COMMA = YES;
				CLANG_WARN_CONSTANT_CONVERSION = YES;
				CLANG_WARN_DEPRECATED_OBJC_IMPLEMENTATIONS = YES;
				CLANG_WARN_DIRECT_OBJC_ISA_USAGE = YES_ERROR;
				CLANG_WARN_EMPTY_BODY = YES;
				CLANG_WARN_ENUM_CONVERSION = YES;
				CLANG_WARN_INFINITE_RECURSION = YES;
				CLANG_WARN_INT_CONVERSION = YES;
				CLANG_WARN_NON_LITERAL_NULL_CONVERSION = YES;
				CLANG_WARN_OBJC_IMPLICIT_RETAIN_SELF = YES;
				CLANG_WARN_OBJC_LITERAL_CONVERSION = YES;
				CLANG_WARN_OBJC_ROOT_CLASS = YES_ERROR;
				CLANG_WARN_RANGE_LOOP_ANALYSIS = YES;
				CLANG_WARN_STRICT_PROTOTYPES = YES;
				CLANG_WARN_SUSPICIOUS_MOVE = YES;
				CLANG_WARN_UNREACHABLE_CODE = YES;
				CLANG_WARN__DUPLICATE_METHOD_MATCH = YES;
				COPY_PHASE_STRIP = NO;
				DEBUG_INFORMATION_FORMAT = dwarf;
				ENABLE_STRICT_OBJC_MSGSEND = YES;
				ENABLE_TESTABILITY = YES;
				GCC_C_LANGUAGE_STANDARD = gnu99;
				GCC_DYNAMIC_NO_PIC = NO;
				GCC_NO_COMMON_BLOCKS = YES;
				GCC_OPTIMIZATION_LEVEL = 0;
				GCC_PREPROCESSOR_DEFINITIONS = (
					"DEBUG=1",
					"$(inherited)",
				);
				GCC_WARN_64_TO_32_BIT_CONVERSION = YES;
				GCC_WARN_ABOUT_RETURN_TYPE = YES_ERROR;
				GCC_WARN_UNDECLARED_SELECTOR = YES;
				GCC_WARN_UNINITIALIZED_AUTOS = YES_AGGRESSIVE;
				GCC_WARN_UNUSED_FUNCTION = YES;
				GCC_WARN_UNUSED_VARIABLE = YES;
				MACOSX_DEPLOYMENT_TARGET = 10.11;
				MTL_ENABLE_DEBUG_INFO = YES;
				ONLY_ACTIVE_ARCH = YES;
				SDKROOT = macosx;
			};
			name = Debug;
		};
		0681AE391BC32ED600D4822D /* Release */ = {
			isa = XCBuildConfiguration;
			buildSettings = {
				ALWAYS_SEARCH_USER_PATHS = NO;
				CLANG_CXX_LANGUAGE_STANDARD = "gnu++0x";
				CLANG_CXX_LIBRARY = "libc++";
				CLANG_ENABLE_MODULES = YES;
				CLANG_ENABLE_OBJC_ARC = YES;
				CLANG_WARN_BLOCK_CAPTURE_AUTORELEASING = YES;
				CLANG_WARN_BOOL_CONVERSION = YES;
				CLANG_WARN_COMMA = YES;
				CLANG_WARN_CONSTANT_CONVERSION = YES;
				CLANG_WARN_DEPRECATED_OBJC_IMPLEMENTATIONS = YES;
				CLANG_WARN_DIRECT_OBJC_ISA_USAGE = YES_ERROR;
				CLANG_WARN_EMPTY_BODY = YES;
				CLANG_WARN_ENUM_CONVERSION = YES;
				CLANG_WARN_INFINITE_RECURSION = YES;
				CLANG_WARN_INT_CONVERSION = YES;
				CLANG_WARN_NON_LITERAL_NULL_CONVERSION = YES;
				CLANG_WARN_OBJC_IMPLICIT_RETAIN_SELF = YES;
				CLANG_WARN_OBJC_LITERAL_CONVERSION = YES;
				CLANG_WARN_OBJC_ROOT_CLASS = YES_ERROR;
				CLANG_WARN_RANGE_LOOP_ANALYSIS = YES;
				CLANG_WARN_STRICT_PROTOTYPES = YES;
				CLANG_WARN_SUSPICIOUS_MOVE = YES;
				CLANG_WARN_UNREACHABLE_CODE = YES;
				CLANG_WARN__DUPLICATE_METHOD_MATCH = YES;
				COPY_PHASE_STRIP = NO;
				DEBUG_INFORMATION_FORMAT = "dwarf-with-dsym";
				ENABLE_NS_ASSERTIONS = NO;
				ENABLE_STRICT_OBJC_MSGSEND = YES;
				GCC_C_LANGUAGE_STANDARD = gnu99;
				GCC_NO_COMMON_BLOCKS = YES;
				GCC_WARN_64_TO_32_BIT_CONVERSION = YES;
				GCC_WARN_ABOUT_RETURN_TYPE = YES_ERROR;
				GCC_WARN_UNDECLARED_SELECTOR = YES;
				GCC_WARN_UNINITIALIZED_AUTOS = YES_AGGRESSIVE;
				GCC_WARN_UNUSED_FUNCTION = YES;
				GCC_WARN_UNUSED_VARIABLE = YES;
				MACOSX_DEPLOYMENT_TARGET = 10.11;
				MTL_ENABLE_DEBUG_INFO = NO;
				SDKROOT = macosx;
			};
			name = Release;
		};
		0681AE3B1BC32ED600D4822D /* Debug */ = {
			isa = XCBuildConfiguration;
			buildSettings = {
				ALWAYS_EMBED_SWIFT_STANDARD_LIBRARIES = YES;
				CLANG_ENABLE_MODULES = YES;
				COMBINE_HIDPI_IMAGES = YES;
				INFOPLIST_FILE = MazieSaver/Info.plist;
				INSTALL_PATH = "$(HOME)/Library/Screen Savers";
				LD_RUNPATH_SEARCH_PATHS = "$(inherited) @executable_path/../Frameworks @loader_path/../Frameworks";
				PRODUCT_BUNDLE_IDENTIFIER = globbits.co.uk.MazieSaver;
				PRODUCT_NAME = "$(TARGET_NAME)";
				SWIFT_OPTIMIZATION_LEVEL = "-Onone";
				WRAPPER_EXTENSION = saver;
			};
			name = Debug;
		};
		0681AE3C1BC32ED600D4822D /* Release */ = {
			isa = XCBuildConfiguration;
			buildSettings = {
				ALWAYS_EMBED_SWIFT_STANDARD_LIBRARIES = YES;
				CLANG_ENABLE_MODULES = YES;
				COMBINE_HIDPI_IMAGES = YES;
				INFOPLIST_FILE = MazieSaver/Info.plist;
				INSTALL_PATH = "$(HOME)/Library/Screen Savers";
				LD_RUNPATH_SEARCH_PATHS = "$(inherited) @executable_path/../Frameworks @loader_path/../Frameworks";
				PRODUCT_BUNDLE_IDENTIFIER = globbits.co.uk.MazieSaver;
				PRODUCT_NAME = "$(TARGET_NAME)";
				SWIFT_OPTIMIZATION_LEVEL = "-Owholemodule";
				WRAPPER_EXTENSION = saver;
			};
			name = Release;
		};
		0681AE761BC3385C00D4822D /* Debug */ = {
			isa = XCBuildConfiguration;
			buildSettings = {
				ALWAYS_EMBED_SWIFT_STANDARD_LIBRARIES = YES;
				ASSETCATALOG_COMPILER_APPICON_NAME = AppIcon;
				CODE_SIGN_IDENTITY = "-";
				COMBINE_HIDPI_IMAGES = YES;
				INFOPLIST_FILE = MazieSaverTest/Info.plist;
				LD_RUNPATH_SEARCH_PATHS = "$(inherited) @executable_path/../Frameworks";
				PRODUCT_BUNDLE_IDENTIFIER = globbits.co.uk.MazieSaverTest;
				PRODUCT_NAME = "$(TARGET_NAME)";
				SWIFT_OPTIMIZATION_LEVEL = "-Onone";
				SWIFT_SWIFT3_OBJC_INFERENCE = Default;
				SWIFT_VERSION = 4.2;
			};
			name = Debug;
		};
		0681AE771BC3385C00D4822D /* Release */ = {
			isa = XCBuildConfiguration;
			buildSettings = {
				ALWAYS_EMBED_SWIFT_STANDARD_LIBRARIES = YES;
				ASSETCATALOG_COMPILER_APPICON_NAME = AppIcon;
				CODE_SIGN_IDENTITY = "-";
				COMBINE_HIDPI_IMAGES = YES;
				INFOPLIST_FILE = MazieSaverTest/Info.plist;
				LD_RUNPATH_SEARCH_PATHS = "$(inherited) @executable_path/../Frameworks";
				PRODUCT_BUNDLE_IDENTIFIER = globbits.co.uk.MazieSaverTest;
				PRODUCT_NAME = "$(TARGET_NAME)";
				SWIFT_OPTIMIZATION_LEVEL = "-Owholemodule";
				SWIFT_SWIFT3_OBJC_INFERENCE = Default;
				SWIFT_VERSION = 4.2;
			};
			name = Release;
		};
/* End XCBuildConfiguration section */

/* Begin XCConfigurationList section */
		0681AE2A1BC32ED600D4822D /* Build configuration list for PBXProject "MazieSaver" */ = {
			isa = XCConfigurationList;
			buildConfigurations = (
				0681AE381BC32ED600D4822D /* Debug */,
				0681AE391BC32ED600D4822D /* Release */,
			);
			defaultConfigurationIsVisible = 0;
			defaultConfigurationName = Release;
		};
		0681AE3A1BC32ED600D4822D /* Build configuration list for PBXNativeTarget "MazieSaver" */ = {
			isa = XCConfigurationList;
			buildConfigurations = (
				0681AE3B1BC32ED600D4822D /* Debug */,
				0681AE3C1BC32ED600D4822D /* Release */,
			);
			defaultConfigurationIsVisible = 0;
			defaultConfigurationName = Release;
		};
		0681AE781BC3385C00D4822D /* Build configuration list for PBXNativeTarget "MazieSaverTest" */ = {
			isa = XCConfigurationList;
			buildConfigurations = (
				0681AE761BC3385C00D4822D /* Debug */,
				0681AE771BC3385C00D4822D /* Release */,
			);
			defaultConfigurationIsVisible = 0;
			defaultConfigurationName = Release;
		};
/* End XCConfigurationList section */
	};
	rootObject = 0681AE271BC32ED600D4822D /* Project object */;
}
